
Microsoft Visual Studio Solution File, Format Version 11.00
# Visual Studio 2010
Project("{8BC9CEB8-8B4A-11D0-8D11-00A0C91BC942}") = "OpSysProj-1", "OpSysProj-1\OpSysProj-1.vcxproj", "{A187654D-0123-4C8F-8BF0-570C96905F22}"
EndProject
Global
	GlobalSection(SolutionConfigurationPlatforms) = preSolution
		Debug|Win32 = Debug|Win32
		Release|Win32 = Release|Win32
	EndGlobalSection
	GlobalSection(ProjectConfigurationPlatforms) = postSolution
		{A187654D-0123-4C8F-8BF0-570C96905F22}.Debug|Win32.ActiveCfg = Debug|Win32
		{A187654D-0123-4C8F-8BF0-570C96905F22}.Debug|Win32.Build.0 = Debug|Win32
		{A187654D-0123-4C8F-8BF0-570C96905F22}.Release|Win32.ActiveCfg = Release|Win32
		{A187654D-0123-4C8F-8BF0-570C96905F22}.Release|Win32.Build.0 = Release|Win32
	EndGlobalSection
	GlobalSection(SolutionProperties) = preSolution
		HideSolutionNode = FALSE
	EndGlobalSection
EndGlobal
