<?xml version="1.0" encoding="utf-8"?>
<Project ToolsVersion="4.0" xmlns="http://schemas.microsoft.com/developer/msbuild/2003">
  <ItemGroup>
    <Filter Include="Source Files">
      <UniqueIdentifier>{4FC737F1-C7A5-4376-A066-2A32D752A2FF}</UniqueIdentifier>
      <Extensions>cpp;c;cc;cxx;def;odl;idl;hpj;bat;asm;asmx</Extensions>
    </Filter>
    <Filter Include="Header Files">
      <UniqueIdentifier>{93995380-89BD-4b04-88EB-625FBE52EBFB}</UniqueIdentifier>
      <Extensions>h;hpp;hxx;hm;inl;inc;xsd</Extensions>
    </Filter>
    <Filter Include="Resource Files">
      <UniqueIdentifier>{67DA6AB6-F800-4c08-8B7A-83BB121AAD01}</UniqueIdentifier>
      <Extensions>rc;ico;cur;bmp;dlg;rc2;rct;bin;rgs;gif;jpg;jpeg;jpe;resx;tiff;tif;png;wav;mfcribbon-ms</Extensions>
    </Filter>
    <Filter Include="Header Files\Algorithms">
      <UniqueIdentifier>{2e2510e2-6b3a-4e82-a265-7c00d13f8b60}</UniqueIdentifier>
    </Filter>
    <Filter Include="Source Files\Algorithms">
      <UniqueIdentifier>{2e61a715-038f-47bb-8176-42622f02b8b1}</UniqueIdentifier>
    </Filter>
    <Filter Include="Header Files\Disc Components">
      <UniqueIdentifier>{6909cbe6-2f15-40c6-8f6f-dbcc5aeb65ac}</UniqueIdentifier>
    </Filter>
    <Filter Include="Source Files\Disc Components">
      <UniqueIdentifier>{6d6f6d92-b91c-4e8a-a618-d044fd6a411f}</UniqueIdentifier>
    </Filter>
  </ItemGroup>
  <ItemGroup>
    <None Include="ReadMe.txt" />
  </ItemGroup>
  <ItemGroup>
    <ClInclude Include="stdafx.h">
      <Filter>Header Files</Filter>
    </ClInclude>
    <ClInclude Include="targetver.h">
      <Filter>Header Files</Filter>
    </ClInclude>
    <ClInclude Include="Request.h">
      <Filter>Header Files</Filter>
    </ClInclude>
    <ClInclude Include="SchedulingAlgorithm.h">
      <Filter>Header Files\Algorithms</Filter>
    </ClInclude>
    <ClInclude Include="DiscDrive.h">
      <Filter>Header Files\Disc Components</Filter>
    </ClInclude>
    <ClInclude Include="IOScheduler.h">
      <Filter>Header Files\Disc Components</Filter>
    </ClInclude>
    <ClInclude Include="FCFS.h">
      <Filter>Source Files</Filter>
    </ClInclude>
    <ClInclude Include="DiscHead.h">
      <Filter>Header Files</Filter>
    </ClInclude>
    <ClInclude Include="MutableDiscHead.h">
      <Filter>Header Files</Filter>
    </ClInclude>
  </ItemGroup>
  <ItemGroup>
    <ClCompile Include="stdafx.cpp">
      <Filter>Source Files</Filter>
    </ClCompile>
    <ClCompile Include="Request.cpp">
      <Filter>Source Files</Filter>
    </ClCompile>
    <ClCompile Include="FCFS.cpp">
      <Filter>Source Files\Algorithms</Filter>
    </ClCompile>
    <ClCompile Include="dsg.cpp">
      <Filter>Source Files</Filter>
    </ClCompile>
    <ClCompile Include="SchedulingAlgorithm.cpp">
      <Filter>Source Files\Algorithms</Filter>
    </ClCompile>
    <ClCompile Include="IOScheduler.cpp">
      <Filter>Source Files\Disc Components</Filter>
    </ClCompile>
    <ClCompile Include="DiscDrive.cpp">
      <Filter>Source Files\Disc Components</Filter>
    </ClCompile>
    <ClCompile Include="DiscHead.cpp">
      <Filter>Source Files</Filter>
    </ClCompile>
    <ClCompile Include="MutableDiscHead.cpp">
      <Filter>Source Files</Filter>
    </ClCompile>
  </ItemGroup>
</Project>